
Microsoft Visual Studio Solution File, Format Version 12.00
# Visual Studio Version 16
VisualStudioVersion = 16.0.30114.105
MinimumVisualStudioVersion = 10.0.40219.1
Project("{FAE04EC0-301F-11D3-BF4B-00C04F79EFBC}") = "WebApiProject", "WebApiProject\WebApiProject.csproj", "{8A5205AF-75B1-417E-BF28-6946622BA6E4}"
EndProject
Project("{FAE04EC0-301F-11D3-BF4B-00C04F79EFBC}") = "UI.Web", "UI.Web\UI.Web.csproj", "{75DCA00F-6731-4BA8-8A2C-50A2E5C1B5D9}"
EndProject
Global
	GlobalSection(SolutionConfigurationPlatforms) = preSolution
		Debug|Any CPU = Debug|Any CPU
		Release|Any CPU = Release|Any CPU
	EndGlobalSection
	GlobalSection(ProjectConfigurationPlatforms) = postSolution
		{8A5205AF-75B1-417E-BF28-6946622BA6E4}.Debug|Any CPU.ActiveCfg = Debug|Any CPU
		{8A5205AF-75B1-417E-BF28-6946622BA6E4}.Debug|Any CPU.Build.0 = Debug|Any CPU
		{8A5205AF-75B1-417E-BF28-6946622BA6E4}.Release|Any CPU.ActiveCfg = Release|Any CPU
		{8A5205AF-75B1-417E-BF28-6946622BA6E4}.Release|Any CPU.Build.0 = Release|Any CPU
		{75DCA00F-6731-4BA8-8A2C-50A2E5C1B5D9}.Debug|Any CPU.ActiveCfg = Debug|Any CPU
		{75DCA00F-6731-4BA8-8A2C-50A2E5C1B5D9}.Debug|Any CPU.Build.0 = Debug|Any CPU
		{75DCA00F-6731-4BA8-8A2C-50A2E5C1B5D9}.Release|Any CPU.ActiveCfg = Release|Any CPU
		{75DCA00F-6731-4BA8-8A2C-50A2E5C1B5D9}.Release|Any CPU.Build.0 = Release|Any CPU
	EndGlobalSection
	GlobalSection(SolutionProperties) = preSolution
		HideSolutionNode = FALSE
	EndGlobalSection
	GlobalSection(ExtensibilityGlobals) = postSolution
		SolutionGuid = {19A3C545-99BF-4C2E-AE27-6533D2AFEC92}
	EndGlobalSection
EndGlobal
